{
  "name": "Oneplusoneisone",
  "lockfileVersion": 3,
  "requires": true,
  "packages": {
    "": {
      "dependencies": {
        "polars": "^0.0.1"
      }
    },
    "node_modules/polars": {
      "version": "0.0.1",
      "resolved": "https://registry.npmjs.org/polars/-/polars-0.0.1.tgz",
      "integrity": "sha512-DrWuULMTw4j37FRIM3qIgltNigBvqmmtoGhCFpVjjJcZMcdPB5/g10eqlWbDQZKdtIBSwwFpVNrzTIKsUvKUOw==",
      "license": "MIT"
    }
  }
}
